{
  "name": "image-scanning-notification",
  "version": "0.1.0",
  "lockfileVersion": 1,
  "requires": true,
  "dependencies": {
    "axios": {
      "version": "0.18.0",
      "resolved": "http://registry.npmjs.org/axios/-/axios-0.18.0.tgz",
      "integrity": "sha1-MtU+SFHv3AoRmTts0AB4nXDAUQI=",
      "requires": {
        "follow-redirects": "^1.3.0",
        "is-buffer": "^1.1.5"
      }
    },
    "debug": {
      "version": "3.1.0",
      "resolved": "https://registry.npmjs.org/debug/-/debug-3.1.0.tgz",
      "integrity": "sha512-OX8XqP7/1a9cqkxYw2yXss15f26NKWBpDXQd0/uK/KPqdQhxbPa994hnzjcE2VqQpDslf55723cKPUOGSmMY3g==",
      "requires": {
        "ms": "2.0.0"
      }
    },
    "follow-redirects": {
      "version": "1.5.9",
      "resolved": "https://registry.npmjs.org/follow-redirects/-/follow-redirects-1.5.9.tgz",
      "integrity": "sha512-Bh65EZI/RU8nx0wbYF9shkFZlqLP+6WT/5FnA3cE/djNSuKNHJEinGGZgu/cQEkeeb2GdFOgenAmn8qaqYke2w==",
      "requires": {
        "debug": "=3.1.0"
      }
    },
    "handlebars": {
      "version": "4.7.7",
      "resolved": "https://registry.npmjs.org/handlebars/-/handlebars-4.7.7.tgz",
      "integrity": "sha512-aAcXm5OAfE/8IXkcZvCepKU3VzW1/39Fb5ZuqMtgI/hT8X2YgoMvBY5dLhq/cpOvw7Lk1nK/UF71aLG/ZnVYRA==",
      "requires": {
        "minimist": "^1.2.5",
        "neo-async": "^2.6.0",
        "source-map": "^0.6.1",
        "uglify-js": "^3.1.4",
        "wordwrap": "^1.0.0"
      },
      "dependencies": {
        "minimist": {
          "version": "1.2.5",
          "resolved": "http://registry.npmjs.org/minimist/-/minimist-1.2.5.tgz",
          "integrity": "sha512-FM9nNUYrRBAELZQT3xeZQ7fmMOBg6nWNmJKTcgsJeaLstP/UODVpGsr5OhXhhXg6f+qtJ8uiZ+PUxkDWcgIXLw=="
        }
      }
    },
    "is-buffer": {
      "version": "1.1.6",
      "resolved": "https://registry.npmjs.org/is-buffer/-/is-buffer-1.1.6.tgz",
      "integrity": "sha512-NcdALwpXkTm5Zvvbk7owOUSvVvBKDgKP5/ewfXEznmQFfs4ZRmanOeKBTjRVjka3QFoN6XJ+9F3USqfHqTaU5w=="
    },
    "minimist": {
      "version": "1.2.0",
      "resolved": "http://registry.npmjs.org/minimist/-/minimist-1.2.0.tgz",
      "integrity": "sha1-o1AIsg9BOD7sH7kU9M1d95omQoQ="
    },
    "moment": {
      "version": "2.22.2",
      "resolved": "https://registry.npmjs.org/moment/-/moment-2.22.2.tgz",
      "integrity": "sha1-PCV/mDn8DpP/UxSWMiOeuQeD/2Y="
    },
    "ms": {
      "version": "2.0.0",
      "resolved": "https://registry.npmjs.org/ms/-/ms-2.0.0.tgz",
      "integrity": "sha1-VgiurfwAvmwpAd9fmGF4jeDVl8g="
    },
    "neo-async": {
      "version": "2.6.2",
      "resolved": "https://registry.npmjs.org/neo-async/-/neo-async-2.6.2.tgz",
      "integrity": "sha512-Yd3UES5mWCSqR+qNT93S3UoYUkqAZ9lLg8a7g9rimsWmYGK8cVToA4/sF3RrshdyV3sAGMXVUmpMYOw+dLpOuw=="
    },
    "nodemailer": {
      "version": "4.7.0",
      "resolved": "https://registry.npmjs.org/nodemailer/-/nodemailer-4.7.0.tgz",
      "integrity": "sha512-IludxDypFpYw4xpzKdMAozBSkzKHmNBvGanUREjJItgJ2NYcK/s8+PggVhj7c2yGFQykKsnnmv1+Aqo0ZfjHmw==",
      "dev": true
    },
    "source-map": {
      "version": "0.6.1",
      "resolved": "https://registry.npmjs.org/source-map/-/source-map-0.6.1.tgz",
      "integrity": "sha512-UjgapumWlbMhkBgzT7Ykc5YXUT46F0iKu8SGXq0bcwP5dz/h0Plj6enJqjz1Zbq2l5WaqYnrVbwWOWMyF3F47g=="
    },
    "uglify-js": {
      "version": "3.13.5",
      "resolved": "https://registry.npmjs.org/uglify-js/-/uglify-js-3.13.5.tgz",
      "integrity": "sha512-xtB8yEqIkn7zmOyS2zUNBsYCBRhDkvlNxMMY2smuJ/qA8NCHeQvKCF3i9Z4k8FJH4+PJvZRtMrPynfZ75+CSZw==",
      "optional": true
    },
    "wordwrap": {
      "version": "1.0.0",
      "resolved": "https://registry.npmjs.org/wordwrap/-/wordwrap-1.0.0.tgz",
      "integrity": "sha1-J1hIEIkUVqQXHI0CJkQa3pDLyus="
    }
  }
}
